{
  "name": "flowpeek",
  "version": "0.1.0",
  "lockfileVersion": 3,
  "requires": true,
  "packages": {
    "": {
      "name": "flowpeek",
      "version": "0.1.0",
      "license": "MIT",
      "dependencies": {
        "node-pty": "^1.0.0",
        "quickjs-emscripten": "^0.31.0",
        "yaml": "^2.8.0"
      },
      "bin": {
        "flowpeek": "dist/cli.js",
        "agent-view": "dist/cli.js"
      },
      "devDependencies": {
        "@types/node": "^22.15.0",
        "tsx": "^4.19.0",
        "typescript": "^5.8.0",
        "vitest": "^3.2.0"
      },
      "engines": {
        "node": ">=22.5.0"
      }
    }
  }
}
